{
  "name": "nvim",
  "lockfileVersion": 2,
  "requires": true,
  "packages": {
    "": {
      "dependencies": {
        "@johnnymorganz/stylua": "^0.14.0"
      }
    },
    "node_modules/@johnnymorganz/stylua": {
      "version": "0.14.0",
      "resolved": "https://registry.npmjs.org/@johnnymorganz/stylua/-/stylua-0.14.0.tgz",
      "integrity": "sha512-PnZhnZiLNo5aNjTkg7mJd6mBb+Ljv1boNsRJeIvA4bkZYn4y0gWMfvi+3aaYtOHEWF77sm99EDkzJmW4kyGNzQ=="
    }
  },
  "dependencies": {
    "@johnnymorganz/stylua": {
      "version": "0.14.0",
      "resolved": "https://registry.npmjs.org/@johnnymorganz/stylua/-/stylua-0.14.0.tgz",
      "integrity": "sha512-PnZhnZiLNo5aNjTkg7mJd6mBb+Ljv1boNsRJeIvA4bkZYn4y0gWMfvi+3aaYtOHEWF77sm99EDkzJmW4kyGNzQ=="
    }
  }
}
